{
    "_meta": {
        "hash": {
            "sha256": "af2bbf863c4bd171eab9c7d93305cccf788d5b1458805053f4eef0541ad116a1"
        },
        "pipfile-spec": 6,
        "requires": {
            "python_version": "3.6"
        },
        "sources": [
            {
                "name": "pypi",
                "url": "https://pypi.org/simple",
                "verify_ssl": true
            }
        ]
    },
    "default": {
        "bitstruct": {
            "hashes": [
                "sha256:7d97fcbaf1ea409f2f0654b2b72fc1a03a00c49570f724ae2a40eb1d200eecba"
            ],
            "index": "pypi",
            "version": "==8.9.0"
        },
        "lark-parser": {
            "hashes": [
                "sha256:b9f4e4711b0837d682051009d232e6df6b37a1278db4568a8221124bb8c1dc8a"
            ],
            "index": "pypi",
            "version": "==0.8.1"
        }
    },
    "develop": {}
}
